// !$*UTF8*$!
{
	archiveVersion = 1;
	classes = {
	};
	objectVersion = 50;
	objects = {

/* Begin PBXBuildFile section */
		31916F2C23D857C5001B155E /* AppDelegate.swift in Sources */ = {isa = PBXBuildFile; fileRef = 31916F2B23D857C5001B155E /* AppDelegate.swift */; };
		31916F2E23D857C5001B155E /* SceneDelegate.swift in Sources */ = {isa = PBXBuildFile; fileRef = 31916F2D23D857C5001B155E /* SceneDelegate.swift */; };
		31916F3023D857C5001B155E /* ViewController.swift in Sources */ = {isa = PBXBuildFile; fileRef = 31916F2F23D857C5001B155E /* ViewController.swift */; };
		31916F3323D857C5001B155E /* Main.storyboard in Resources */ = {isa = PBXBuildFile; fileRef = 31916F3123D857C5001B155E /* Main.storyboard */; };
		31916F3623D857C5001B155E /* FBINtegration2.xcdatamodeld in Sources */ = {isa = PBXBuildFile; fileRef = 31916F3423D857C5001B155E /* FBINtegration2.xcdatamodeld */; };
		31916F3823D857D6001B155E /* Assets.xcassets in Resources */ = {isa = PBXBuildFile; fileRef = 31916F3723D857D6001B155E /* Assets.xcassets */; };
		31916F3B23D857D6001B155E /* LaunchScreen.storyboard in Resources */ = {isa = PBXBuildFile; fileRef = 31916F3923D857D6001B155E /* LaunchScreen.storyboard */; };
		31916F4623D857D7001B155E /* FBINtegration2Tests.swift in Sources */ = {isa = PBXBuildFile; fileRef = 31916F4523D857D7001B155E /* FBINtegration2Tests.swift */; };
		31916F5123D857D7001B155E /* FBINtegration2UITests.swift in Sources */ = {isa = PBXBuildFile; fileRef = 31916F5023D857D7001B155E /* FBINtegration2UITests.swift */; };
/* End PBXBuildFile section */

/* Begin PBXContainerItemProxy section */
		31916F4223D857D7001B155E /* PBXContainerItemProxy */ = {
			isa = PBXContainerItemProxy;
			containerPortal = 31916F2023D857C5001B155E /* Project object */;
			proxyType = 1;
			remoteGlobalIDString = 31916F2723D857C5001B155E;
			remoteInfo = FBINtegration2;
		};
		31916F4D23D857D7001B155E /* PBXContainerItemProxy */ = {
			isa = PBXContainerItemProxy;
			containerPortal = 31916F2023D857C5001B155E /* Project object */;
			proxyType = 1;
			remoteGlobalIDString = 31916F2723D857C5001B155E;
			remoteInfo = FBINtegration2;
		};
/* End PBXContainerItemProxy section */

/* Begin PBXFileReference section */
		31916F2823D857C5001B155E /* FBINtegration2.app */ = {isa = PBXFileReference; explicitFileType = wrapper.application; includeInIndex = 0; path = FBINtegration2.app; sourceTree = BUILT_PRODUCTS_DIR; };
		31916F2B23D857C5001B155E /* AppDelegate.swift */ = {isa = PBXFileReference; lastKnownFileType = sourcecode.swift; path = AppDelegate.swift; sourceTree = "<group>"; };
		31916F2D23D857C5001B155E /* SceneDelegate.swift */ = {isa = PBXFileReference; lastKnownFileType = sourcecode.swift; path = SceneDelegate.swift; sourceTree = "<group>"; };
		31916F2F23D857C5001B155E /* ViewController.swift */ = {isa = PBXFileReference; lastKnownFileType = sourcecode.swift; path = ViewController.swift; sourceTree = "<group>"; };
		31916F3223D857C5001B155E /* Base */ = {isa = PBXFileReference; lastKnownFileType = file.storyboard; name = Base; path = Base.lproj/Main.storyboard; sourceTree = "<group>"; };
		31916F3523D857C5001B155E /* FBINtegration2.xcdatamodel */ = {isa = PBXFileReference; lastKnownFileType = wrapper.xcdatamodel; path = FBINtegration2.xcdatamodel; sourceTree = "<group>"; };
		31916F3723D857D6001B155E /* Assets.xcassets */ = {isa = PBXFileReference; lastKnownFileType = folder.assetcatalog; path = Assets.xcassets; sourceTree = "<group>"; };
		31916F3A23D857D6001B155E /* Base */ = {isa = PBXFileReference; lastKnownFileType = file.storyboard; name = Base; path = Base.lproj/LaunchScreen.storyboard; sourceTree = "<group>"; };
		31916F3C23D857D6001B155E /* Info.plist */ = {isa = PBXFileReference; lastKnownFileType = text.plist.xml; path = Info.plist; sourceTree = "<group>"; };
		31916F4123D857D7001B155E /* FBINtegration2Tests.xctest */ = {isa = PBXFileReference; explicitFileType = wrapper.cfbundle; includeInIndex = 0; path = FBINtegration2Tests.xctest; sourceTree = BUILT_PRODUCTS_DIR; };
		31916F4523D857D7001B155E /* FBINtegration2Tests.swift */ = {isa = PBXFileReference; lastKnownFileType = sourcecode.swift; path = FBINtegration2Tests.swift; sourceTree = "<group>"; };
		31916F4723D857D7001B155E /* Info.plist */ = {isa = PBXFileReference; lastKnownFileType = text.plist.xml; path = Info.plist; sourceTree = "<group>"; };
		31916F4C23D857D7001B155E /* FBINtegration2UITests.xctest */ = {isa = PBXFileReference; explicitFileType = wrapper.cfbundle; includeInIndex = 0; path = FBINtegration2UITests.xctest; sourceTree = BUILT_PRODUCTS_DIR; };
		31916F5023D857D7001B155E /* FBINtegration2UITests.swift */ = {isa = PBXFileReference; lastKnownFileType = sourcecode.swift; path = FBINtegration2UITests.swift; sourceTree = "<group>"; };
		31916F5223D857D7001B155E /* Info.plist */ = {isa = PBXFileReference; lastKnownFileType = text.plist.xml; path = Info.plist; sourceTree = "<group>"; };
/* End PBXFileReference section */

/* Begin PBXFrameworksBuildPhase section */
		31916F2523D857C5001B155E /* Frameworks */ = {
			isa = PBXFrameworksBuildPhase;
			buildActionMask = 2147483647;
			files = (
			);
			runOnlyForDeploymentPostprocessing = 0;
		};
		31916F3E23D857D7001B155E /* Frameworks */ = {
			isa = PBXFrameworksBuildPhase;
			buildActionMask = 2147483647;
			files = (
			);
			runOnlyForDeploymentPostprocessing = 0;
		};
		31916F4923D857D7001B155E /* Frameworks */ = {
			isa = PBXFrameworksBuildPhase;
			buildActionMask = 2147483647;
			files = (
			);
			runOnlyForDeploymentPostprocessing = 0;
		};
/* End PBXFrameworksBuildPhase section */

/* Begin PBXGroup section */
		31916F1F23D857C5001B155E = {
			isa = PBXGroup;
			children = (
				31916F2A23D857C5001B155E /* FBINtegration2 */,
				31916F4423D857D7001B155E /* FBINtegration2Tests */,
				31916F4F23D857D7001B155E /* FBINtegration2UITests */,
				31916F2923D857C5001B155E /* Products */,
			);
			sourceTree = "<group>";
		};
		31916F2923D857C5001B155E /* Products */ = {
			isa = PBXGroup;
			children = (
				31916F2823D857C5001B155E /* FBINtegration2.app */,
				31916F4123D857D7001B155E /* FBINtegration2Tests.xctest */,
				31916F4C23D857D7001B155E /* FBINtegration2UITests.xctest */,
			);
			name = Products;
			sourceTree = "<group>";
		};
		31916F2A23D857C5001B155E /* FBINtegration2 */ = {
			isa = PBXGroup;
			children = (
				31916F2B23D857C5001B155E /* AppDelegate.swift */,
				31916F2D23D857C5001B155E /* SceneDelegate.swift */,
				31916F2F23D857C5001B155E /* ViewController.swift */,
				31916F3123D857C5001B155E /* Main.storyboard */,
				31916F3723D857D6001B155E /* Assets.xcassets */,
				31916F3923D857D6001B155E /* LaunchScreen.storyboard */,
				31916F3C23D857D6001B155E /* Info.plist */,
				31916F3423D857C5001B155E /* FBINtegration2.xcdatamodeld */,
			);
			path = FBINtegration2;
			sourceTree = "<group>";
		};
		31916F4423D857D7001B155E /* FBINtegration2Tests */ = {
			isa = PBXGroup;
			children = (
				31916F4523D857D7001B155E /* FBINtegration2Tests.swift */,
				31916F4723D857D7001B155E /* Info.plist */,
			);
			path = FBINtegration2Tests;
			sourceTree = "<group>";
		};
		31916F4F23D857D7001B155E /* FBINtegration2UITests */ = {
			isa = PBXGroup;
			children = (
				31916F5023D857D7001B155E /* FBINtegration2UITests.swift */,
				31916F5223D857D7001B155E /* Info.plist */,
			);
			path = FBINtegration2UITests;
			sourceTree = "<group>";
		};
/* End PBXGroup section */

/* Begin PBXNativeTarget section */
		31916F2723D857C5001B155E /* FBINtegration2 */ = {
			isa = PBXNativeTarget;
			buildConfigurationList = 31916F5523D857D7001B155E /* Build configuration list for PBXNativeTarget "FBINtegration2" */;
			buildPhases = (
				31916F2423D857C5001B155E /* Sources */,
				31916F2523D857C5001B155E /* Frameworks */,
				31916F2623D857C5001B155E /* Resources */,
			);
			buildRules = (
			);
			dependencies = (
			);
			name = FBINtegration2;
			productName = FBINtegration2;
			productReference = 31916F2823D857C5001B155E /* FBINtegration2.app */;
			productType = "com.apple.product-type.application";
		};
		31916F4023D857D7001B155E /* FBINtegration2Tests */ = {
			isa = PBXNativeTarget;
			buildConfigurationList = 31916F5823D857D7001B155E /* Build configuration list for PBXNativeTarget "FBINtegration2Tests" */;
			buildPhases = (
				31916F3D23D857D7001B155E /* Sources */,
				31916F3E23D857D7001B155E /* Frameworks */,
				31916F3F23D857D7001B155E /* Resources */,
			);
			buildRules = (
			);
			dependencies = (
				31916F4323D857D7001B155E /* PBXTargetDependency */,
			);
			name = FBINtegration2Tests;
			productName = FBINtegration2Tests;
			productReference = 31916F4123D857D7001B155E /* FBINtegration2Tests.xctest */;
			productType = "com.apple.product-type.bundle.unit-test";
		};
		31916F4B23D857D7001B155E /* FBINtegration2UITests */ = {
			isa = PBXNativeTarget;
			buildConfigurationList = 31916F5B23D857D7001B155E /* Build configuration list for PBXNativeTarget "FBINtegration2UITests" */;
			buildPhases = (
				31916F4823D857D7001B155E /* Sources */,
				31916F4923D857D7001B155E /* Frameworks */,
				31916F4A23D857D7001B155E /* Resources */,
			);
			buildRules = (
			);
			dependencies = (
				31916F4E23D857D7001B155E /* PBXTargetDependency */,
			);
			name = FBINtegration2UITests;
			productName = FBINtegration2UITests;
			productReference = 31916F4C23D857D7001B155E /* FBINtegration2UITests.xctest */;
			productType = "com.apple.product-type.bundle.ui-testing";
		};
/* End PBXNativeTarget section */

/* Begin PBXProject section */
		31916F2023D857C5001B155E /* Project object */ = {
			isa = PBXProject;
			attributes = {
				LastSwiftUpdateCheck = 1130;
				LastUpgradeCheck = 1130;
				ORGANIZATIONNAME = "R Shantha Kumar";
				TargetAttributes = {
					31916F2723D857C5001B155E = {
						CreatedOnToolsVersion = 11.3;
					};
					31916F4023D857D7001B155E = {
						CreatedOnToolsVersion = 11.3;
						TestTargetID = 31916F2723D857C5001B155E;
					};
					31916F4B23D857D7001B155E = {
						CreatedOnToolsVersion = 11.3;
						TestTargetID = 31916F2723D857C5001B155E;
					};
				};
			};
			buildConfigurationList = 31916F2323D857C5001B155E /* Build configuration list for PBXProject "FBINtegration2" */;
			compatibilityVersion = "Xcode 9.3";
			developmentRegion = en;
			hasScannedForEncodings = 0;
			knownRegions = (
				en,
				Base,
			);
			mainGroup = 31916F1F23D857C5001B155E;
			productRefGroup = 31916F2923D857C5001B155E /* Products */;
			projectDirPath = "";
			projectRoot = "";
			targets = (
				31916F2723D857C5001B155E /* FBINtegration2 */,
				31916F4023D857D7001B155E /* FBINtegration2Tests */,
				31916F4B23D857D7001B155E /* FBINtegration2UITests */,
			);
		};
/* End PBXProject section */

/* Begin PBXResourcesBuildPhase section */
		31916F2623D857C5001B155E /* Resources */ = {
			isa = PBXResourcesBuildPhase;
			buildActionMask = 2147483647;
			files = (
				31916F3B23D857D6001B155E /* LaunchScreen.storyboard in Resources */,
				31916F3823D857D6001B155E /* Assets.xcassets in Resources */,
				31916F3323D857C5001B155E /* Main.storyboard in Resources */,
			);
			runOnlyForDeploymentPostprocessing = 0;
		};
		31916F3F23D857D7001B155E /* Resources */ = {
			isa = PBXResourcesBuildPhase;
			buildActionMask = 2147483647;
			files = (
			);
			runOnlyForDeploymentPostprocessing = 0;
		};
		31916F4A23D857D7001B155E /* Resources */ = {
			isa = PBXResourcesBuildPhase;
			buildActionMask = 2147483647;
			files = (
			);
			runOnlyForDeploymentPostprocessing = 0;
		};
/* End PBXResourcesBuildPhase section */

/* Begin PBXSourcesBuildPhase section */
		31916F2423D857C5001B155E /* Sources */ = {
			isa = PBXSourcesBuildPhase;
			buildActionMask = 2147483647;
			files = (
				31916F3023D857C5001B155E /* ViewController.swift in Sources */,
				31916F3623D857C5001B155E /* FBINtegration2.xcdatamodeld in Sources */,
				31916F2C23D857C5001B155E /* AppDelegate.swift in Sources */,
				31916F2E23D857C5001B155E /* SceneDelegate.swift in Sources */,
			);
			runOnlyForDeploymentPostprocessing = 0;
		};
		31916F3D23D857D7001B155E /* Sources */ = {
			isa = PBXSourcesBuildPhase;
			buildActionMask = 2147483647;
			files = (
				31916F4623D857D7001B155E /* FBINtegration2Tests.swift in Sources */,
			);
			runOnlyForDeploymentPostprocessing = 0;
		};
		31916F4823D857D7001B155E /* Sources */ = {
			isa = PBXSourcesBuildPhase;
			buildActionMask = 2147483647;
			files = (
				31916F5123D857D7001B155E /* FBINtegration2UITests.swift in Sources */,
			);
			runOnlyForDeploymentPostprocessing = 0;
		};
/* End PBXSourcesBuildPhase section */

/* Begin PBXTargetDependency section */
		31916F4323D857D7001B155E /* PBXTargetDependency */ = {
			isa = PBXTargetDependency;
			target = 31916F2723D857C5001B155E /* FBINtegration2 */;
			targetProxy = 31916F4223D857D7001B155E /* PBXContainerItemProxy */;
		};
		31916F4E23D857D7001B155E /* PBXTargetDependency */ = {
			isa = PBXTargetDependency;
			target = 31916F2723D857C5001B155E /* FBINtegration2 */;
			targetProxy = 31916F4D23D857D7001B155E /* PBXContainerItemProxy */;
		};
/* End PBXTargetDependency section */

/* Begin PBXVariantGroup section */
		31916F3123D857C5001B155E /* Main.storyboard */ = {
			isa = PBXVariantGroup;
			children = (
				31916F3223D857C5001B155E /* Base */,
			);
			name = Main.storyboard;
			sourceTree = "<group>";
		};
		31916F3923D857D6001B155E /* LaunchScreen.storyboard */ = {
			isa = PBXVariantGroup;
			children = (
				31916F3A23D857D6001B155E /* Base */,
			);
			name = LaunchScreen.storyboard;
			sourceTree = "<group>";
		};
/* End PBXVariantGroup section */

/* Begin XCBuildConfiguration section */
		31916F5323D857D7001B155E /* Debug */ = {
			isa = XCBuildConfiguration;
			buildSettings = {
				ALWAYS_SEARCH_USER_PATHS = NO;
				CLANG_ANALYZER_NONNULL = YES;
				CLANG_ANALYZER_NUMBER_OBJECT_CONVERSION = YES_AGGRESSIVE;
				CLANG_CXX_LANGUAGE_STANDARD = "gnu++14";
				CLANG_CXX_LIBRARY = "libc++";
				CLANG_ENABLE_MODULES = YES;
				CLANG_ENABLE_OBJC_ARC = YES;
				CLANG_ENABLE_OBJC_WEAK = YES;
				CLANG_WARN_BLOCK_CAPTURE_AUTORELEASING = YES;
				CLANG_WARN_BOOL_CONVERSION = YES;
				CLANG_WARN_COMMA = YES;
				CLANG_WARN_CONSTANT_CONVERSION = YES;
				CLANG_WARN_DEPRECATED_OBJC_IMPLEMENTATIONS = YES;
				CLANG_WARN_DIRECT_OBJC_ISA_USAGE = YES_ERROR;
				CLANG_WARN_DOCUMENTATION_COMMENTS = YES;
				CLANG_WARN_EMPTY_BODY = YES;
				CLANG_WARN_ENUM_CONVERSION = YES;
				CLANG_WARN_INFINITE_RECURSION = YES;
				CLANG_WARN_INT_CONVERSION = YES;
				CLANG_WARN_NON_LITERAL_NULL_CONVERSION = YES;
				CLANG_WARN_OBJC_IMPLICIT_RETAIN_SELF = YES;
				CLANG_WARN_OBJC_LITERAL_CONVERSION = YES;
				CLANG_WARN_OBJC_ROOT_CLASS = YES_ERROR;
				CLANG_WARN_RANGE_LOOP_ANALYSIS = YES;
				CLANG_WARN_STRICT_PROTOTYPES = YES;
				CLANG_WARN_SUSPICIOUS_MOVE = YES;
				CLANG_WARN_UNGUARDED_AVAILABILITY = YES_AGGRESSIVE;
				CLANG_WARN_UNREACHABLE_CODE = YES;
				CLANG_WARN__DUPLICATE_METHOD_MATCH = YES;
				COPY_PHASE_STRIP = NO;
				DEBUG_INFORMATION_FORMAT = dwarf;
				ENABLE_STRICT_OBJC_MSGSEND = YES;
				ENABLE_TESTABILITY = YES;
				GCC_C_LANGUAGE_STANDARD = gnu11;
				GCC_DYNAMIC_NO_PIC = NO;
				GCC_NO_COMMON_BLOCKS = YES;
				GCC_OPTIMIZATION_LEVEL = 0;
				GCC_PREPROCESSOR_DEFINITIONS = (
					"DEBUG=1",
					"$(inherited)",
				);
				GCC_WARN_64_TO_32_BIT_CONVERSION = YES;
				GCC_WARN_ABOUT_RETURN_TYPE = YES_ERROR;
				GCC_WARN_UNDECLARED_SELECTOR = YES;
				GCC_WARN_UNINITIALIZED_AUTOS = YES_AGGRESSIVE;
				GCC_WARN_UNUSED_FUNCTION = YES;
				GCC_WARN_UNUSED_VARIABLE = YES;
				IPHONEOS_DEPLOYMENT_TARGET = 13.2;
				MTL_ENABLE_DEBUG_INFO = INCLUDE_SOURCE;
				MTL_FAST_MATH = YES;
				ONLY_ACTIVE_ARCH = YES;
				SDKROOT = iphoneos;
				SWIFT_ACTIVE_COMPILATION_CONDITIONS = DEBUG;
				SWIFT_OPTIMIZATION_LEVEL = "-Onone";
			};
			name = Debug;
		};
		31916F5423D857D7001B155E /* Release */ = {
			isa = XCBuildConfiguration;
			buildSettings = {
				ALWAYS_SEARCH_USER_PATHS = NO;
				CLANG_ANALYZER_NONNULL = YES;
				CLANG_ANALYZER_NUMBER_OBJECT_CONVERSION = YES_AGGRESSIVE;
				CLANG_CXX_LANGUAGE_STANDARD = "gnu++14";
				CLANG_CXX_LIBRARY = "libc++";
				CLANG_ENABLE_MODULES = YES;
				CLANG_ENABLE_OBJC_ARC = YES;
				CLANG_ENABLE_OBJC_WEAK = YES;
				CLANG_WARN_BLOCK_CAPTURE_AUTORELEASING = YES;
				CLANG_WARN_BOOL_CONVERSION = YES;
				CLANG_WARN_COMMA = YES;
				CLANG_WARN_CONSTANT_CONVERSION = YES;
				CLANG_WARN_DEPRECATED_OBJC_IMPLEMENTATIONS = YES;
				CLANG_WARN_DIRECT_OBJC_ISA_USAGE = YES_ERROR;
				CLANG_WARN_DOCUMENTATION_COMMENTS = YES;
				CLANG_WARN_EMPTY_BODY = YES;
				CLANG_WARN_ENUM_CONVERSION = YES;
				CLANG_WARN_INFINITE_RECURSION = YES;
				CLANG_WARN_INT_CONVERSION = YES;
				CLANG_WARN_NON_LITERAL_NULL_CONVERSION = YES;
				CLANG_WARN_OBJC_IMPLICIT_RETAIN_SELF = YES;
				CLANG_WARN_OBJC_LITERAL_CONVERSION = YES;
				CLANG_WARN_OBJC_ROOT_CLASS = YES_ERROR;
				CLANG_WARN_RANGE_LOOP_ANALYSIS = YES;
				CLANG_WARN_STRICT_PROTOTYPES = YES;
				CLANG_WARN_SUSPICIOUS_MOVE = YES;
				CLANG_WARN_UNGUARDED_AVAILABILITY = YES_AGGRESSIVE;
				CLANG_WARN_UNREACHABLE_CODE = YES;
				CLANG_WARN__DUPLICATE_METHOD_MATCH = YES;
				COPY_PHASE_STRIP = NO;
				DEBUG_INFORMATION_FORMAT = "dwarf-with-dsym";
				ENABLE_NS_ASSERTIONS = NO;
				ENABLE_STRICT_OBJC_MSGSEND = YES;
				GCC_C_LANGUAGE_STANDARD = gnu11;
				GCC_NO_COMMON_BLOCKS = YES;
				GCC_WARN_64_TO_32_BIT_CONVERSION = YES;
				GCC_WARN_ABOUT_RETURN_TYPE = YES_ERROR;
				GCC_WARN_UNDECLARED_SELECTOR = YES;
				GCC_WARN_UNINITIALIZED_AUTOS = YES_AGGRESSIVE;
				GCC_WARN_UNUSED_FUNCTION = YES;
				GCC_WARN_UNUSED_VARIABLE = YES;
				IPHONEOS_DEPLOYMENT_TARGET = 13.2;
				MTL_ENABLE_DEBUG_INFO = NO;
				MTL_FAST_MATH = YES;
				SDKROOT = iphoneos;
				SWIFT_COMPILATION_MODE = wholemodule;
				SWIFT_OPTIMIZATION_LEVEL = "-O";
				VALIDATE_PRODUCT = YES;
			};
			name = Release;
		};
		31916F5623D857D7001B155E /* Debug */ = {
			isa = XCBuildConfiguration;
			buildSettings = {
				ASSETCATALOG_COMPILER_APPICON_NAME = AppIcon;
				CODE_SIGN_STYLE = Automatic;
				INFOPLIST_FILE = FBINtegration2/Info.plist;
				LD_RUNPATH_SEARCH_PATHS = (
					"$(inherited)",
					"@executable_path/Frameworks",
				);
				PRODUCT_BUNDLE_IDENTIFIER = shanth.FBINtegration2;
				PRODUCT_NAME = "$(TARGET_NAME)";
				SWIFT_VERSION = 5.0;
				TARGETED_DEVICE_FAMILY = "1,2";
			};
			name = Debug;
		};
		31916F5723D857D7001B155E /* Release */ = {
			isa = XCBuildConfiguration;
			buildSettings = {
				ASSETCATALOG_COMPILER_APPICON_NAME = AppIcon;
				CODE_SIGN_STYLE = Automatic;
				INFOPLIST_FILE = FBINtegration2/Info.plist;
				LD_RUNPATH_SEARCH_PATHS = (
					"$(inherited)",
					"@executable_path/Frameworks",
				);
				PRODUCT_BUNDLE_IDENTIFIER = shanth.FBINtegration2;
				PRODUCT_NAME = "$(TARGET_NAME)";
				SWIFT_VERSION = 5.0;
				TARGETED_DEVICE_FAMILY = "1,2";
			};
			name = Release;
		};
		31916F5923D857D7001B155E /* Debug */ = {
			isa = XCBuildConfiguration;
			buildSettings = {
				ALWAYS_EMBED_SWIFT_STANDARD_LIBRARIES = YES;
				BUNDLE_LOADER = "$(TEST_HOST)";
				CODE_SIGN_STYLE = Automatic;
				INFOPLIST_FILE = FBINtegration2Tests/Info.plist;
				IPHONEOS_DEPLOYMENT_TARGET = 13.2;
				LD_RUNPATH_SEARCH_PATHS = (
					"$(inherited)",
					"@executable_path/Frameworks",
					"@loader_path/Frameworks",
				);
				PRODUCT_BUNDLE_IDENTIFIER = shanth.FBINtegration2Tests;
				PRODUCT_NAME = "$(TARGET_NAME)";
				SWIFT_VERSION = 5.0;
				TARGETED_DEVICE_FAMILY = "1,2";
				TEST_HOST = "$(BUILT_PRODUCTS_DIR)/FBINtegration2.app/FBINtegration2";
			};
			name = Debug;
		};
		31916F5A23D857D7001B155E /* Release */ = {
			isa = XCBuildConfiguration;
			buildSettings = {
				ALWAYS_EMBED_SWIFT_STANDARD_LIBRARIES = YES;
				BUNDLE_LOADER = "$(TEST_HOST)";
				CODE_SIGN_STYLE = Automatic;
				INFOPLIST_FILE = FBINtegration2Tests/Info.plist;
				IPHONEOS_DEPLOYMENT_TARGET = 13.2;
				LD_RUNPATH_SEARCH_PATHS = (
					"$(inherited)",
					"@executable_path/Frameworks",
					"@loader_path/Frameworks",
				);
				PRODUCT_BUNDLE_IDENTIFIER = shanth.FBINtegration2Tests;
				PRODUCT_NAME = "$(TARGET_NAME)";
				SWIFT_VERSION = 5.0;
				TARGETED_DEVICE_FAMILY = "1,2";
				TEST_HOST = "$(BUILT_PRODUCTS_DIR)/FBINtegration2.app/FBINtegration2";
			};
			name = Release;
		};
		31916F5C23D857D7001B155E /* Debug */ = {
			isa = XCBuildConfiguration;
			buildSettings = {
				ALWAYS_EMBED_SWIFT_STANDARD_LIBRARIES = YES;
				CODE_SIGN_STYLE = Automatic;
				INFOPLIST_FILE = FBINtegration2UITests/Info.plist;
				LD_RUNPATH_SEARCH_PATHS = (
					"$(inherited)",
					"@executable_path/Frameworks",
					"@loader_path/Frameworks",
				);
				PRODUCT_BUNDLE_IDENTIFIER = shanth.FBINtegration2UITests;
				PRODUCT_NAME = "$(TARGET_NAME)";
				SWIFT_VERSION = 5.0;
				TARGETED_DEVICE_FAMILY = "1,2";
				TEST_TARGET_NAME = FBINtegration2;
			};
			name = Debug;
		};
		31916F5D23D857D7001B155E /* Release */ = {
			isa = XCBuildConfiguration;
			buildSettings = {
				ALWAYS_EMBED_SWIFT_STANDARD_LIBRARIES = YES;
				CODE_SIGN_STYLE = Automatic;
				INFOPLIST_FILE = FBINtegration2UITests/Info.plist;
				LD_RUNPATH_SEARCH_PATHS = (
					"$(inherited)",
					"@executable_path/Frameworks",
					"@loader_path/Frameworks",
				);
				PRODUCT_BUNDLE_IDENTIFIER = shanth.FBINtegration2UITests;
				PRODUCT_NAME = "$(TARGET_NAME)";
				SWIFT_VERSION = 5.0;
				TARGETED_DEVICE_FAMILY = "1,2";
				TEST_TARGET_NAME = FBINtegration2;
			};
			name = Release;
		};
/* End XCBuildConfiguration section */

/* Begin XCConfigurationList section */
		31916F2323D857C5001B155E /* Build configuration list for PBXProject "FBINtegration2" */ = {
			isa = XCConfigurationList;
			buildConfigurations = (
				31916F5323D857D7001B155E /* Debug */,
				31916F5423D857D7001B155E /* Release */,
			);
			defaultConfigurationIsVisible = 0;
			defaultConfigurationName = Release;
		};
		31916F5523D857D7001B155E /* Build configuration list for PBXNativeTarget "FBINtegration2" */ = {
			isa = XCConfigurationList;
			buildConfigurations = (
				31916F5623D857D7001B155E /* Debug */,
				31916F5723D857D7001B155E /* Release */,
			);
			defaultConfigurationIsVisible = 0;
			defaultConfigurationName = Release;
		};
		31916F5823D857D7001B155E /* Build configuration list for PBXNativeTarget "FBINtegration2Tests" */ = {
			isa = XCConfigurationList;
			buildConfigurations = (
				31916F5923D857D7001B155E /* Debug */,
				31916F5A23D857D7001B155E /* Release */,
			);
			defaultConfigurationIsVisible = 0;
			defaultConfigurationName = Release;
		};
		31916F5B23D857D7001B155E /* Build configuration list for PBXNativeTarget "FBINtegration2UITests" */ = {
			isa = XCConfigurationList;
			buildConfigurations = (
				31916F5C23D857D7001B155E /* Debug */,
				31916F5D23D857D7001B155E /* Release */,
			);
			defaultConfigurationIsVisible = 0;
			defaultConfigurationName = Release;
		};
/* End XCConfigurationList section */

/* Begin XCVersionGroup section */
		31916F3423D857C5001B155E /* FBINtegration2.xcdatamodeld */ = {
			isa = XCVersionGroup;
			children = (
				31916F3523D857C5001B155E /* FBINtegration2.xcdatamodel */,
			);
			currentVersion = 31916F3523D857C5001B155E /* FBINtegration2.xcdatamodel */;
			path = FBINtegration2.xcdatamodeld;
			sourceTree = "<group>";
			versionGroupType = wrapper.xcdatamodel;
		};
/* End XCVersionGroup section */
	};
	rootObject = 31916F2023D857C5001B155E /* Project object */;
}
